
Microsoft Visual Studio Solution File, Format Version 12.00
# Visual Studio Version 16
VisualStudioVersion = 16.0.31025.194
MinimumVisualStudioVersion = 10.0.40219.1
Project("{9A19103F-16F7-4668-BE54-9A1E7A4F7556}") = "Desk.App", "Desk.App\Desk.App.csproj", "{6A4B5588-D2F4-45D6-AB0E-0AF81773952F}"
EndProject
Project("{2150E333-8FDC-42A3-9474-1A3956D46DE8}") = "Server", "Server", "{352979AD-39B6-49C6-A07B-2DE816192D76}"
EndProject
Project("{2150E333-8FDC-42A3-9474-1A3956D46DE8}") = "Core", "Core", "{35A8C484-B617-40AC-8D92-6FFB70A6616D}"
EndProject
Project("{2150E333-8FDC-42A3-9474-1A3956D46DE8}") = "Domain", "Domain", "{612E502A-1878-4321-A2D9-F45FFE77F56B}"
EndProject
Project("{9A19103F-16F7-4668-BE54-9A1E7A4F7556}") = "Desk.Domain", "Desk.Domain\Desk.Domain.csproj", "{8197E93A-932E-4583-BCB9-D4CB1C5EEBF5}"
EndProject
Project("{9A19103F-16F7-4668-BE54-9A1E7A4F7556}") = "Desk.Core", "Desk.Core\Desk.Core.csproj", "{68DA521A-3806-473C-8935-297A38918991}"
EndProject
Project("{9A19103F-16F7-4668-BE54-9A1E7A4F7556}") = "Desk.Bll", "Desk.Bll\Desk.Bll.csproj", "{7E97EB36-7D50-4B7B-A2EF-E73AC2181438}"
EndProject
Project("{9A19103F-16F7-4668-BE54-9A1E7A4F7556}") = "Desk.DAL", "Desk.DAL\Desk.DAL.csproj", "{38C1E37C-DC13-4810-8D7F-31E5452DB57A}"
EndProject
Project("{2150E333-8FDC-42A3-9474-1A3956D46DE8}") = "Test", "Test", "{42EA3B5D-B98E-41E2-B2B2-18C9BE439BCC}"
EndProject
Project("{9A19103F-16F7-4668-BE54-9A1E7A4F7556}") = "Desk.Tests", "Desk.Tests\Desk.Tests.csproj", "{8D613CDA-073D-4965-B7AF-2110ED782A5E}"
EndProject
Project("{FAE04EC0-301F-11D3-BF4B-00C04F79EFBC}") = "Desk.Domain.Dto", "Desk.Domain.Dto\Desk.Domain.Dto.csproj", "{E51713BA-4D63-45AC-92B1-B9031784597A}"
EndProject
Global
	GlobalSection(SolutionConfigurationPlatforms) = preSolution
		Debug|Any CPU = Debug|Any CPU
		Release|Any CPU = Release|Any CPU
	EndGlobalSection
	GlobalSection(ProjectConfigurationPlatforms) = postSolution
		{6A4B5588-D2F4-45D6-AB0E-0AF81773952F}.Debug|Any CPU.ActiveCfg = Debug|Any CPU
		{6A4B5588-D2F4-45D6-AB0E-0AF81773952F}.Debug|Any CPU.Build.0 = Debug|Any CPU
		{6A4B5588-D2F4-45D6-AB0E-0AF81773952F}.Release|Any CPU.ActiveCfg = Release|Any CPU
		{6A4B5588-D2F4-45D6-AB0E-0AF81773952F}.Release|Any CPU.Build.0 = Release|Any CPU
		{8197E93A-932E-4583-BCB9-D4CB1C5EEBF5}.Debug|Any CPU.ActiveCfg = Debug|Any CPU
		{8197E93A-932E-4583-BCB9-D4CB1C5EEBF5}.Debug|Any CPU.Build.0 = Debug|Any CPU
		{8197E93A-932E-4583-BCB9-D4CB1C5EEBF5}.Release|Any CPU.ActiveCfg = Release|Any CPU
		{8197E93A-932E-4583-BCB9-D4CB1C5EEBF5}.Release|Any CPU.Build.0 = Release|Any CPU
		{68DA521A-3806-473C-8935-297A38918991}.Debug|Any CPU.ActiveCfg = Debug|Any CPU
		{68DA521A-3806-473C-8935-297A38918991}.Debug|Any CPU.Build.0 = Debug|Any CPU
		{68DA521A-3806-473C-8935-297A38918991}.Release|Any CPU.ActiveCfg = Release|Any CPU
		{68DA521A-3806-473C-8935-297A38918991}.Release|Any CPU.Build.0 = Release|Any CPU
		{7E97EB36-7D50-4B7B-A2EF-E73AC2181438}.Debug|Any CPU.ActiveCfg = Debug|Any CPU
		{7E97EB36-7D50-4B7B-A2EF-E73AC2181438}.Debug|Any CPU.Build.0 = Debug|Any CPU
		{7E97EB36-7D50-4B7B-A2EF-E73AC2181438}.Release|Any CPU.ActiveCfg = Release|Any CPU
		{7E97EB36-7D50-4B7B-A2EF-E73AC2181438}.Release|Any CPU.Build.0 = Release|Any CPU
		{38C1E37C-DC13-4810-8D7F-31E5452DB57A}.Debug|Any CPU.ActiveCfg = Debug|Any CPU
		{38C1E37C-DC13-4810-8D7F-31E5452DB57A}.Debug|Any CPU.Build.0 = Debug|Any CPU
		{38C1E37C-DC13-4810-8D7F-31E5452DB57A}.Release|Any CPU.ActiveCfg = Release|Any CPU
		{38C1E37C-DC13-4810-8D7F-31E5452DB57A}.Release|Any CPU.Build.0 = Release|Any CPU
		{8D613CDA-073D-4965-B7AF-2110ED782A5E}.Debug|Any CPU.ActiveCfg = Debug|Any CPU
		{8D613CDA-073D-4965-B7AF-2110ED782A5E}.Debug|Any CPU.Build.0 = Debug|Any CPU
		{8D613CDA-073D-4965-B7AF-2110ED782A5E}.Release|Any CPU.ActiveCfg = Release|Any CPU
		{8D613CDA-073D-4965-B7AF-2110ED782A5E}.Release|Any CPU.Build.0 = Release|Any CPU
		{E51713BA-4D63-45AC-92B1-B9031784597A}.Debug|Any CPU.ActiveCfg = Debug|Any CPU
		{E51713BA-4D63-45AC-92B1-B9031784597A}.Debug|Any CPU.Build.0 = Debug|Any CPU
		{E51713BA-4D63-45AC-92B1-B9031784597A}.Release|Any CPU.ActiveCfg = Release|Any CPU
		{E51713BA-4D63-45AC-92B1-B9031784597A}.Release|Any CPU.Build.0 = Release|Any CPU
	EndGlobalSection
	GlobalSection(SolutionProperties) = preSolution
		HideSolutionNode = FALSE
	EndGlobalSection
	GlobalSection(NestedProjects) = preSolution
		{6A4B5588-D2F4-45D6-AB0E-0AF81773952F} = {352979AD-39B6-49C6-A07B-2DE816192D76}
		{8197E93A-932E-4583-BCB9-D4CB1C5EEBF5} = {612E502A-1878-4321-A2D9-F45FFE77F56B}
		{68DA521A-3806-473C-8935-297A38918991} = {35A8C484-B617-40AC-8D92-6FFB70A6616D}
		{7E97EB36-7D50-4B7B-A2EF-E73AC2181438} = {352979AD-39B6-49C6-A07B-2DE816192D76}
		{38C1E37C-DC13-4810-8D7F-31E5452DB57A} = {352979AD-39B6-49C6-A07B-2DE816192D76}
		{8D613CDA-073D-4965-B7AF-2110ED782A5E} = {42EA3B5D-B98E-41E2-B2B2-18C9BE439BCC}
		{E51713BA-4D63-45AC-92B1-B9031784597A} = {612E502A-1878-4321-A2D9-F45FFE77F56B}
	EndGlobalSection
	GlobalSection(ExtensibilityGlobals) = postSolution
		SolutionGuid = {FB86BCDD-C281-4486-A2B1-8BDABE236622}
	EndGlobalSection
EndGlobal
